
Microsoft Visual Studio Solution File, Format Version 12.00
# Visual Studio Version 16
VisualStudioVersion = 16.0.28803.156
MinimumVisualStudioVersion = 10.0.40219.1
Project("{FAE04EC0-301F-11D3-BF4B-00C04F79EFBC}") = "DZAFCPortal.Web", "DZAFCPortal.Web\DZAFCPortal.Web.csproj", "{B870FD4E-C6B1-4544-B77B-64E15C39C60B}"
EndProject
Project("{2150E333-8FDC-42A3-9474-1A3956D46DE8}") = "1.Components", "1.Components", "{41592153-8329-46BF-996F-BE5ABF355279}"
EndProject
Project("{FAE04EC0-301F-11D3-BF4B-00C04F79EFBC}") = "DZAFCPortal.Console", "DZAFCPortal.Console\DZAFCPortal.Console.csproj", "{DD65560B-5CCB-4D02-A4C9-BC3BEBEBD898}"
EndProject
Project("{FAE04EC0-301F-11D3-BF4B-00C04F79EFBC}") = "DZAFCPortal.Authorization", "DZAFCPortal.Authorization\DZAFCPortal.Authorization.csproj", "{1EF7C53B-E6A6-4BF5-B4E8-C78169D12325}"
EndProject
Project("{2150E333-8FDC-42A3-9474-1A3956D46DE8}") = "0.Lib", "0.Lib", "{E738568A-E028-487C-A8B4-BE575805882F}"
EndProject
Project("{FAE04EC0-301F-11D3-BF4B-00C04F79EFBC}") = "DZAFCPortal.Library", "DZAFCPortal.Library\DZAFCPortal.Library.csproj", "{399ED4C9-76DD-400F-86E0-CB121E6B31B3}"
EndProject
Project("{2150E333-8FDC-42A3-9474-1A3956D46DE8}") = "2.Framework", "2.Framework", "{DAC6217E-3E40-4E5B-9EB2-0296D156ADE4}"
EndProject
Project("{FAE04EC0-301F-11D3-BF4B-00C04F79EFBC}") = "DZAFCPortal.Config", "DZAFCPortal.Config\DZAFCPortal.Config.csproj", "{57F3A779-0C05-4388-B119-61B2FBBD5A81}"
EndProject
Project("{FAE04EC0-301F-11D3-BF4B-00C04F79EFBC}") = "DZAFCPortal.Entity", "DZAFCPortal.Entity\DZAFCPortal.Entity.csproj", "{2DEEA215-7A08-4079-98DB-18B81A71A931}"
EndProject
Project("{FAE04EC0-301F-11D3-BF4B-00C04F79EFBC}") = "DZAFCPortal.Repository", "DZAFCPortal.Repository\DZAFCPortal.Repository.csproj", "{6EB84967-4A5B-4046-B07A-124BB06F5330}"
EndProject
Project("{FAE04EC0-301F-11D3-BF4B-00C04F79EFBC}") = "DZAFCPortal.ViewModel", "DZAFCPortal.ViewModel\DZAFCPortal.ViewModel.csproj", "{85C1A1AE-8AF9-42A5-962C-89FE5544C758}"
EndProject
Project("{FAE04EC0-301F-11D3-BF4B-00C04F79EFBC}") = "DZAFCPortal.Service", "DZAFCPortal.Service\DZAFCPortal.Service.csproj", "{CDB6A57F-1EE6-41B0-9C42-0D2654025DCA}"
EndProject
Project("{FAE04EC0-301F-11D3-BF4B-00C04F79EFBC}") = "DZAFCPortal.Facade", "DZAFCPortal.Facade\DZAFCPortal.Facade.csproj", "{15145D3C-D78B-42B9-867F-AEC1ECFB92FF}"
EndProject
Project("{2150E333-8FDC-42A3-9474-1A3956D46DE8}") = "3.Utility", "3.Utility", "{CD84CB6C-9B7B-4AD2-BAB0-0E02FCE59312}"
EndProject
Project("{FAE04EC0-301F-11D3-BF4B-00C04F79EFBC}") = "DZAFCPortal.Utility", "DZAFCPortal.Utility\DZAFCPortal.Utility.csproj", "{DCB9F754-7222-41E2-8CDF-D6683AAF1038}"
EndProject
Global
	GlobalSection(SolutionConfigurationPlatforms) = preSolution
		Debug|Any CPU = Debug|Any CPU
		Release|Any CPU = Release|Any CPU
	EndGlobalSection
	GlobalSection(ProjectConfigurationPlatforms) = postSolution
		{B870FD4E-C6B1-4544-B77B-64E15C39C60B}.Debug|Any CPU.ActiveCfg = Debug|Any CPU
		{B870FD4E-C6B1-4544-B77B-64E15C39C60B}.Debug|Any CPU.Build.0 = Debug|Any CPU
		{B870FD4E-C6B1-4544-B77B-64E15C39C60B}.Release|Any CPU.ActiveCfg = Release|Any CPU
		{B870FD4E-C6B1-4544-B77B-64E15C39C60B}.Release|Any CPU.Build.0 = Release|Any CPU
		{DD65560B-5CCB-4D02-A4C9-BC3BEBEBD898}.Debug|Any CPU.ActiveCfg = Debug|Any CPU
		{DD65560B-5CCB-4D02-A4C9-BC3BEBEBD898}.Debug|Any CPU.Build.0 = Debug|Any CPU
		{DD65560B-5CCB-4D02-A4C9-BC3BEBEBD898}.Release|Any CPU.ActiveCfg = Release|Any CPU
		{DD65560B-5CCB-4D02-A4C9-BC3BEBEBD898}.Release|Any CPU.Build.0 = Release|Any CPU
		{1EF7C53B-E6A6-4BF5-B4E8-C78169D12325}.Debug|Any CPU.ActiveCfg = Debug|Any CPU
		{1EF7C53B-E6A6-4BF5-B4E8-C78169D12325}.Debug|Any CPU.Build.0 = Debug|Any CPU
		{1EF7C53B-E6A6-4BF5-B4E8-C78169D12325}.Release|Any CPU.ActiveCfg = Release|Any CPU
		{1EF7C53B-E6A6-4BF5-B4E8-C78169D12325}.Release|Any CPU.Build.0 = Release|Any CPU
		{399ED4C9-76DD-400F-86E0-CB121E6B31B3}.Debug|Any CPU.ActiveCfg = Debug|Any CPU
		{399ED4C9-76DD-400F-86E0-CB121E6B31B3}.Debug|Any CPU.Build.0 = Debug|Any CPU
		{399ED4C9-76DD-400F-86E0-CB121E6B31B3}.Release|Any CPU.ActiveCfg = Release|Any CPU
		{399ED4C9-76DD-400F-86E0-CB121E6B31B3}.Release|Any CPU.Build.0 = Release|Any CPU
		{57F3A779-0C05-4388-B119-61B2FBBD5A81}.Debug|Any CPU.ActiveCfg = Debug|Any CPU
		{57F3A779-0C05-4388-B119-61B2FBBD5A81}.Debug|Any CPU.Build.0 = Debug|Any CPU
		{57F3A779-0C05-4388-B119-61B2FBBD5A81}.Release|Any CPU.ActiveCfg = Release|Any CPU
		{57F3A779-0C05-4388-B119-61B2FBBD5A81}.Release|Any CPU.Build.0 = Release|Any CPU
		{2DEEA215-7A08-4079-98DB-18B81A71A931}.Debug|Any CPU.ActiveCfg = Debug|Any CPU
		{2DEEA215-7A08-4079-98DB-18B81A71A931}.Debug|Any CPU.Build.0 = Debug|Any CPU
		{2DEEA215-7A08-4079-98DB-18B81A71A931}.Release|Any CPU.ActiveCfg = Release|Any CPU
		{2DEEA215-7A08-4079-98DB-18B81A71A931}.Release|Any CPU.Build.0 = Release|Any CPU
		{6EB84967-4A5B-4046-B07A-124BB06F5330}.Debug|Any CPU.ActiveCfg = Debug|Any CPU
		{6EB84967-4A5B-4046-B07A-124BB06F5330}.Debug|Any CPU.Build.0 = Debug|Any CPU
		{6EB84967-4A5B-4046-B07A-124BB06F5330}.Release|Any CPU.ActiveCfg = Release|Any CPU
		{6EB84967-4A5B-4046-B07A-124BB06F5330}.Release|Any CPU.Build.0 = Release|Any CPU
		{85C1A1AE-8AF9-42A5-962C-89FE5544C758}.Debug|Any CPU.ActiveCfg = Debug|Any CPU
		{85C1A1AE-8AF9-42A5-962C-89FE5544C758}.Debug|Any CPU.Build.0 = Debug|Any CPU
		{85C1A1AE-8AF9-42A5-962C-89FE5544C758}.Release|Any CPU.ActiveCfg = Release|Any CPU
		{85C1A1AE-8AF9-42A5-962C-89FE5544C758}.Release|Any CPU.Build.0 = Release|Any CPU
		{CDB6A57F-1EE6-41B0-9C42-0D2654025DCA}.Debug|Any CPU.ActiveCfg = Debug|Any CPU
		{CDB6A57F-1EE6-41B0-9C42-0D2654025DCA}.Debug|Any CPU.Build.0 = Debug|Any CPU
		{CDB6A57F-1EE6-41B0-9C42-0D2654025DCA}.Release|Any CPU.ActiveCfg = Release|Any CPU
		{CDB6A57F-1EE6-41B0-9C42-0D2654025DCA}.Release|Any CPU.Build.0 = Release|Any CPU
		{15145D3C-D78B-42B9-867F-AEC1ECFB92FF}.Debug|Any CPU.ActiveCfg = Debug|Any CPU
		{15145D3C-D78B-42B9-867F-AEC1ECFB92FF}.Debug|Any CPU.Build.0 = Debug|Any CPU
		{15145D3C-D78B-42B9-867F-AEC1ECFB92FF}.Release|Any CPU.ActiveCfg = Release|Any CPU
		{15145D3C-D78B-42B9-867F-AEC1ECFB92FF}.Release|Any CPU.Build.0 = Release|Any CPU
		{DCB9F754-7222-41E2-8CDF-D6683AAF1038}.Debug|Any CPU.ActiveCfg = Debug|Any CPU
		{DCB9F754-7222-41E2-8CDF-D6683AAF1038}.Debug|Any CPU.Build.0 = Debug|Any CPU
		{DCB9F754-7222-41E2-8CDF-D6683AAF1038}.Release|Any CPU.ActiveCfg = Release|Any CPU
		{DCB9F754-7222-41E2-8CDF-D6683AAF1038}.Release|Any CPU.Build.0 = Release|Any CPU
	EndGlobalSection
	GlobalSection(SolutionProperties) = preSolution
		HideSolutionNode = FALSE
	EndGlobalSection
	GlobalSection(NestedProjects) = preSolution
		{1EF7C53B-E6A6-4BF5-B4E8-C78169D12325} = {41592153-8329-46BF-996F-BE5ABF355279}
		{399ED4C9-76DD-400F-86E0-CB121E6B31B3} = {E738568A-E028-487C-A8B4-BE575805882F}
		{57F3A779-0C05-4388-B119-61B2FBBD5A81} = {41592153-8329-46BF-996F-BE5ABF355279}
		{2DEEA215-7A08-4079-98DB-18B81A71A931} = {DAC6217E-3E40-4E5B-9EB2-0296D156ADE4}
		{6EB84967-4A5B-4046-B07A-124BB06F5330} = {DAC6217E-3E40-4E5B-9EB2-0296D156ADE4}
		{85C1A1AE-8AF9-42A5-962C-89FE5544C758} = {DAC6217E-3E40-4E5B-9EB2-0296D156ADE4}
		{CDB6A57F-1EE6-41B0-9C42-0D2654025DCA} = {DAC6217E-3E40-4E5B-9EB2-0296D156ADE4}
		{15145D3C-D78B-42B9-867F-AEC1ECFB92FF} = {DAC6217E-3E40-4E5B-9EB2-0296D156ADE4}
		{DCB9F754-7222-41E2-8CDF-D6683AAF1038} = {CD84CB6C-9B7B-4AD2-BAB0-0E02FCE59312}
	EndGlobalSection
	GlobalSection(ExtensibilityGlobals) = postSolution
		SolutionGuid = {4191895B-F45B-4D30-A31C-861E527ABE72}
	EndGlobalSection
EndGlobal
